
Microsoft Visual Studio Solution File, Format Version 12.00
# Visual Studio Version 16
VisualStudioVersion = 16.0.31112.23
MinimumVisualStudioVersion = 10.0.40219.1
Project("{FAE04EC0-301F-11D3-BF4B-00C04F79EFBC}") = "RESTschoolCD", "RESTschoolCD\RESTschoolCD.csproj", "{DD450DEF-92E5-4B6D-A01F-213D92FAD13C}"
EndProject
Project("{FAE04EC0-301F-11D3-BF4B-00C04F79EFBC}") = "RESTschoolCDTests", "RESTschoolCDTests\RESTschoolCDTests.csproj", "{10FD9C46-BF41-4D96-BB8E-CB1361AC657A}"
EndProject
Global
	GlobalSection(SolutionConfigurationPlatforms) = preSolution
		Debug|Any CPU = Debug|Any CPU
		Release|Any CPU = Release|Any CPU
	EndGlobalSection
	GlobalSection(ProjectConfigurationPlatforms) = postSolution
		{DD450DEF-92E5-4B6D-A01F-213D92FAD13C}.Debug|Any CPU.ActiveCfg = Debug|Any CPU
		{DD450DEF-92E5-4B6D-A01F-213D92FAD13C}.Debug|Any CPU.Build.0 = Debug|Any CPU
		{DD450DEF-92E5-4B6D-A01F-213D92FAD13C}.Release|Any CPU.ActiveCfg = Release|Any CPU
		{DD450DEF-92E5-4B6D-A01F-213D92FAD13C}.Release|Any CPU.Build.0 = Release|Any CPU
		{10FD9C46-BF41-4D96-BB8E-CB1361AC657A}.Debug|Any CPU.ActiveCfg = Debug|Any CPU
		{10FD9C46-BF41-4D96-BB8E-CB1361AC657A}.Debug|Any CPU.Build.0 = Debug|Any CPU
		{10FD9C46-BF41-4D96-BB8E-CB1361AC657A}.Release|Any CPU.ActiveCfg = Release|Any CPU
		{10FD9C46-BF41-4D96-BB8E-CB1361AC657A}.Release|Any CPU.Build.0 = Release|Any CPU
	EndGlobalSection
	GlobalSection(SolutionProperties) = preSolution
		HideSolutionNode = FALSE
	EndGlobalSection
	GlobalSection(ExtensibilityGlobals) = postSolution
		SolutionGuid = {067F9B46-7738-4482-A4A4-7423B3003DE7}
	EndGlobalSection
EndGlobal
